
Microsoft Visual Studio Solution File, Format Version 10.00
# Visual Studio 2008
Project("{8BC9CEB8-8B4A-11D0-8D11-00A0C91BC942}") = "work 10_23", "work 10_23\work 10_23.vcproj", "{19DDFD7F-207C-43FB-B4E5-1345E4193948}"
EndProject
Global
	GlobalSection(SolutionConfigurationPlatforms) = preSolution
		Debug|Win32 = Debug|Win32
		Release|Win32 = Release|Win32
	EndGlobalSection
	GlobalSection(ProjectConfigurationPlatforms) = postSolution
		{19DDFD7F-207C-43FB-B4E5-1345E4193948}.Debug|Win32.ActiveCfg = Debug|Win32
		{19DDFD7F-207C-43FB-B4E5-1345E4193948}.Debug|Win32.Build.0 = Debug|Win32
		{19DDFD7F-207C-43FB-B4E5-1345E4193948}.Release|Win32.ActiveCfg = Release|Win32
		{19DDFD7F-207C-43FB-B4E5-1345E4193948}.Release|Win32.Build.0 = Release|Win32
	EndGlobalSection
	GlobalSection(SolutionProperties) = preSolution
		HideSolutionNode = FALSE
	EndGlobalSection
EndGlobal
