
Microsoft Visual Studio Solution File, Format Version 10.00
# Visual Studio 2008
Project("{8BC9CEB8-8B4A-11D0-8D11-00A0C91BC942}") = "sweep", "sweep\sweep.vcproj", "{D3F68A47-B64E-446C-BDD8-0C9A4984B1AC}"
EndProject
Global
	GlobalSection(SolutionConfigurationPlatforms) = preSolution
		Debug|Win32 = Debug|Win32
		Release|Win32 = Release|Win32
	EndGlobalSection
	GlobalSection(ProjectConfigurationPlatforms) = postSolution
		{D3F68A47-B64E-446C-BDD8-0C9A4984B1AC}.Debug|Win32.ActiveCfg = Debug|Win32
		{D3F68A47-B64E-446C-BDD8-0C9A4984B1AC}.Debug|Win32.Build.0 = Debug|Win32
		{D3F68A47-B64E-446C-BDD8-0C9A4984B1AC}.Release|Win32.ActiveCfg = Release|Win32
		{D3F68A47-B64E-446C-BDD8-0C9A4984B1AC}.Release|Win32.Build.0 = Release|Win32
	EndGlobalSection
	GlobalSection(SolutionProperties) = preSolution
		HideSolutionNode = FALSE
	EndGlobalSection
EndGlobal
