
Microsoft Visual Studio Solution File, Format Version 10.00
# Visual Studio 2008
Project("{8BC9CEB8-8B4A-11D0-8D11-00A0C91BC942}") = "work 10_21", "work 10_21\work 10_21.vcproj", "{3C3377C7-4DBE-485A-A5D2-0E235DEF3D81}"
EndProject
Global
	GlobalSection(SolutionConfigurationPlatforms) = preSolution
		Debug|Win32 = Debug|Win32
		Release|Win32 = Release|Win32
	EndGlobalSection
	GlobalSection(ProjectConfigurationPlatforms) = postSolution
		{3C3377C7-4DBE-485A-A5D2-0E235DEF3D81}.Debug|Win32.ActiveCfg = Debug|Win32
		{3C3377C7-4DBE-485A-A5D2-0E235DEF3D81}.Debug|Win32.Build.0 = Debug|Win32
		{3C3377C7-4DBE-485A-A5D2-0E235DEF3D81}.Release|Win32.ActiveCfg = Release|Win32
		{3C3377C7-4DBE-485A-A5D2-0E235DEF3D81}.Release|Win32.Build.0 = Release|Win32
	EndGlobalSection
	GlobalSection(SolutionProperties) = preSolution
		HideSolutionNode = FALSE
	EndGlobalSection
EndGlobal
