
Microsoft Visual Studio Solution File, Format Version 10.00
# Visual Studio 2008
Project("{8BC9CEB8-8B4A-11D0-8D11-00A0C91BC942}") = "work 10_30", "work 10_30\work 10_30.vcproj", "{817ADF10-5204-4E59-B8B0-9DCCF13B8B41}"
EndProject
Global
	GlobalSection(SolutionConfigurationPlatforms) = preSolution
		Debug|Win32 = Debug|Win32
		Release|Win32 = Release|Win32
	EndGlobalSection
	GlobalSection(ProjectConfigurationPlatforms) = postSolution
		{817ADF10-5204-4E59-B8B0-9DCCF13B8B41}.Debug|Win32.ActiveCfg = Debug|Win32
		{817ADF10-5204-4E59-B8B0-9DCCF13B8B41}.Debug|Win32.Build.0 = Debug|Win32
		{817ADF10-5204-4E59-B8B0-9DCCF13B8B41}.Release|Win32.ActiveCfg = Release|Win32
		{817ADF10-5204-4E59-B8B0-9DCCF13B8B41}.Release|Win32.Build.0 = Release|Win32
	EndGlobalSection
	GlobalSection(SolutionProperties) = preSolution
		HideSolutionNode = FALSE
	EndGlobalSection
EndGlobal
