
Microsoft Visual Studio Solution File, Format Version 10.00
# Visual Studio 2008
Project("{8BC9CEB8-8B4A-11D0-8D11-00A0C91BC942}") = "work 10_3", "work 10_3\work 10_3.vcproj", "{A6FC0344-708F-4385-B087-A5158B6F53BD}"
EndProject
Global
	GlobalSection(SolutionConfigurationPlatforms) = preSolution
		Debug|Win32 = Debug|Win32
		Release|Win32 = Release|Win32
	EndGlobalSection
	GlobalSection(ProjectConfigurationPlatforms) = postSolution
		{A6FC0344-708F-4385-B087-A5158B6F53BD}.Debug|Win32.ActiveCfg = Debug|Win32
		{A6FC0344-708F-4385-B087-A5158B6F53BD}.Debug|Win32.Build.0 = Debug|Win32
		{A6FC0344-708F-4385-B087-A5158B6F53BD}.Release|Win32.ActiveCfg = Release|Win32
		{A6FC0344-708F-4385-B087-A5158B6F53BD}.Release|Win32.Build.0 = Release|Win32
	EndGlobalSection
	GlobalSection(SolutionProperties) = preSolution
		HideSolutionNode = FALSE
	EndGlobalSection
EndGlobal
